
Microsoft Visual Studio Solution File, Format Version 12.00
# Visual Studio Version 17
VisualStudioVersion = 17.4.33213.308
MinimumVisualStudioVersion = 10.0.40219.1
Project("{FAE04EC0-301F-11D3-BF4B-00C04F79EFBC}") = "Task Generator - API", "Task Generator - API\Task Generator - API.csproj", "{E389B711-C42E-4D12-A611-58E183765A7A}"
EndProject
Global
	GlobalSection(SolutionConfigurationPlatforms) = preSolution
		Debug|Any CPU = Debug|Any CPU
		Release|Any CPU = Release|Any CPU
	EndGlobalSection
	GlobalSection(ProjectConfigurationPlatforms) = postSolution
		{E389B711-C42E-4D12-A611-58E183765A7A}.Debug|Any CPU.ActiveCfg = Debug|Any CPU
		{E389B711-C42E-4D12-A611-58E183765A7A}.Debug|Any CPU.Build.0 = Debug|Any CPU
		{E389B711-C42E-4D12-A611-58E183765A7A}.Release|Any CPU.ActiveCfg = Release|Any CPU
		{E389B711-C42E-4D12-A611-58E183765A7A}.Release|Any CPU.Build.0 = Release|Any CPU
	EndGlobalSection
	GlobalSection(SolutionProperties) = preSolution
		HideSolutionNode = FALSE
	EndGlobalSection
	GlobalSection(ExtensibilityGlobals) = postSolution
		SolutionGuid = {02AE6CDF-5706-42F3-B9FC-8834FD71CBAE}
	EndGlobalSection
EndGlobal
